version = 1
revision = 3
requires-python = ">=3.11"
resolution-markers = [
    "python_full_version >= '3.14'",
    "python_full_version == '3.13.*'",
    "python_full_version < '3.13'",
]

[[package]]
name = "annotated-doc"
version = "0.0.4"
source = { registry = "https://pypi.org/simple" }
sdist = { url = "https://files.pythonhosted.org/packages/57/ba/046ceea27344560984e26a590f90bc7f4a75b06701f653222458922b558c/annotated_doc-0.0.4.tar.gz", hash = "sha256:fbcda96e87e9c92ad167c2e53839e57503ecfda18804ea28102353485033faa4", size = 7288, upload-time = "2025-11-10T22:07:42.062Z" }
wheels = [
    { url = "https://files.pythonhosted.org/packages/1e/d3/26bf1008eb3d2daa8ef4cacc7f3bfdc11818d111f7e2d0201bc6e3b49d45/annotated_doc-0.0.4-py3-none-any.whl", hash = "sha256:571ac1dc6991c450b25a9c2d84a3705e2ae7a53467b5d111c24fa8baabbed320", size = 5303, upload-time = "2025-11-10T22:07:40.673Z" },
]

[[package]]
name = "httptools"
version = "0.7.1"
source = { registry = "https://pypi.org/simple" }
sdist = { url = "https://files.pythonhosted.org/packages/b5/46/120a669232c7bdedb9d52d4aeae7e6c7dfe151e99dc70802e2fc7a5e1993/httptools-0.7.1.tar.gz", hash = "sha256:abd72556974f8e7c74a259655924a717a2365b236c882c3f6f8a45fe94703ac9", size = 258961, upload-time = "2025-10-10T03:55:08.559Z" }
wheels = [
    { url = "https://files.pythonhosted.org/packages/9c/08/17e07e8d89ab8f343c134616d72eebfe03798835058e2ab579dcc8353c06/httptools-0.7.1-cp311-cp311-macosx_10_9_universal2.whl", hash = "sha256:474d3b7ab469fefcca3697a10d11a32ee2b9573250206ba1e50d5980910da657", size = 206521, upload-time = "2025-10-10T03:54:31.002Z" },
    { url = "https://files.pythonhosted.org/packages/aa/06/c9c1b41ff52f16aee526fd10fbda99fa4787938aa776858ddc4a1ea825ec/httptools-0.7.1-cp311-cp311-macosx_11_0_arm64.whl", hash = "sha256:a3c3b7366bb6c7b96bd72d0dbe7f7d5eead261361f013be5f6d9590465ea1c70", size = 110375, upload-time = "2025-10-10T03:54:31.941Z" },
    { url = "https://files.pythonhosted.org/packages/cc/cc/10935db22fda0ee34c76f047590ca0a8bd9de531406a3ccb10a90e12ea21/httptools-0.7.1-cp311-cp311-manylinux1_x86_64.manylinux_2_28_x86_64.manylinux_2_5_x86_64.whl", hash = "sha256:379b479408b8747f47f3b253326183d7c009a3936518cdb70db58cffd369d9df", size = 456621, upload-time = "2025-10-10T03:54:33.176Z" },
    { url = "https://files.pythonhosted.org/packages/0e/84/875382b10d271b0c11aa5d414b44f92f8dd53e9b658aec338a79164fa548/httptools-0.7.1-cp311-cp311-manylinux2014_aarch64.manylinux_2_17_aarch64.manylinux_2_28_aarch64.whl", hash = "sha256:cad6b591a682dcc6cf1397c3900527f9affef1e55a06c4547264796bbd17cf5e", size = 454954, upload-time = "2025-10-10T03:54:34.226Z" },
    { url = "https://files.pythonhosted.org/packages/30/e1/44f89b280f7e46c0b1b2ccee5737d46b3bb13136383958f20b580a821ca0/httptools-0.7.1-cp311-cp311-musllinux_1_2_aarch64.whl", hash = "sha256:eb844698d11433d2139bbeeb56499102143beb582bd6c194e3ba69c22f25c274", size = 440175, upload-time = "2025-10-10T03:54:35.942Z" },
    { url = "https://files.pythonhosted.org/packages/6f/7e/b9287763159e700e335028bc1824359dc736fa9b829dacedace91a39b37e/httptools-0.7.1-cp311-cp311-musllinux_1_2_x86_64.whl", hash = "sha256:f65744d7a8bdb4bda5e1fa23e4ba16832860606fcc09d674d56e425e991539ec", size = 440310, upload-time = "2025-10-10T03:54:37.1Z" },
    { url = "https://files.pythonhosted.org/packages/b3/07/5b614f592868e07f5c94b1f301b5e14a21df4e8076215a3bccb830a687d8/httptools-0.7.1-cp311-cp311-win_amd64.whl", hash = "sha256:135fbe974b3718eada677229312e97f3b31f8a9c8ffa3ae6f565bf808d5b6bcb", size = 86875, upload-time = "2025-10-10T03:54:38.421Z" },
    { url = "https://files.pythonhosted.org/packages/53/7f/403e5d787dc4942316e515e949b0c8a013d84078a915910e9f391ba9b3ed/httptools-0.7.1-cp312-cp312-macosx_10_13_universal2.whl", hash = "sha256:38e0c83a2ea9746ebbd643bdfb521b9aa4a91703e2cd705c20443405d2fd16a5", size = 206280, upload-time = "2025-10-10T03:54:39.274Z" },
    { url = "https://files.pythonhosted.org/packages/2a/0d/7f3fd28e2ce311ccc998c388dd1c53b18120fda3b70ebb022b135dc9839b/httptools-0.7.1-cp312-cp312-macosx_11_0_arm64.whl", hash = "sha256:f25bbaf1235e27704f1a7b86cd3304eabc04f569c828101d94a0e605ef7205a5", size = 110004, upload-time = "2025-10-10T03:54:40.403Z" },
    { url = "https://files.pythonhosted.org/packages/84/a6/b3965e1e146ef5762870bbe76117876ceba51a201e18cc31f5703e454596/httptools-0.7.1-cp312-cp312-manylinux1_x86_64.manylinux_2_28_x86_64.manylinux_2_5_x86_64.whl", hash = "sha256:2c15f37ef679ab9ecc06bfc4e6e8628c32a8e4b305459de7cf6785acd57e4d03", size = 517655, upload-time = "2025-10-10T03:54:41.347Z" },
    { url = "https://files.pythonhosted.org/packages/11/7d/71fee6f1844e6fa378f2eddde6c3e41ce3a1fb4b2d81118dd544e3441ec0/httptools-0.7.1-cp312-cp312-manylinux2014_aarch64.manylinux_2_17_aarch64.manylinux_2_28_aarch64.whl", hash = "sha256:7fe6e96090df46b36ccfaf746f03034e5ab723162bc51b0a4cf58305324036f2", size = 511440, upload-time = "2025-10-10T03:54:42.452Z" },
    { url = "https://files.pythonhosted.org/packages/22/a5/079d216712a4f3ffa24af4a0381b108aa9c45b7a5cc6eb141f81726b1823/httptools-0.7.1-cp312-cp312-musllinux_1_2_aarch64.whl", hash = "sha256:f72fdbae2dbc6e68b8239defb48e6a5937b12218e6ffc2c7846cc37befa84362", size = 495186, upload-time = "2025-10-10T03:54:43.937Z" },
    { url = "https://files.pythonhosted.org/packages/e9/9e/025ad7b65278745dee3bd0ebf9314934c4592560878308a6121f7f812084/httptools-0.7.1-cp312-cp312-musllinux_1_2_x86_64.whl", hash = "sha256:e99c7b90a29fd82fea9ef57943d501a16f3404d7b9ee81799d41639bdaae412c", size = 499192, upload-time = "2025-10-10T03:54:45.003Z" },
    { url = "https://files.pythonhosted.org/packages/6d/de/40a8f202b987d43afc4d54689600ff03ce65680ede2f31df348d7f368b8f/httptools-0.7.1-cp312-cp312-win_amd64.whl", hash = "sha256:3e14f530fefa7499334a79b0cf7e7cd2992870eb893526fb097d51b4f2d0f321", size = 86694, upload-time = "2025-10-10T03:54:45.923Z" },
    { url = "https://files.pythonhosted.org/packages/09/8f/c77b1fcbfd262d422f12da02feb0d218fa228d52485b77b953832105bb90/httptools-0.7.1-cp313-cp313-macosx_10_13_universal2.whl", hash = "sha256:6babce6cfa2a99545c60bfef8bee0cc0545413cb0018f617c8059a30ad985de3", size = 202889, upload-time = "2025-10-10T03:54:47.089Z" },
    { url = "https://files.pythonhosted.org/packages/0a/1a/22887f53602feaa066354867bc49a68fc295c2293433177ee90870a7d517/httptools-0.7.1-cp313-cp313-macosx_11_0_arm64.whl", hash = "sha256:601b7628de7504077dd3dcb3791c6b8694bbd967148a6d1f01806509254fb1ca", size = 108180, upload-time = "2025-10-10T03:54:48.052Z" },
    { url = "https://files.pythonhosted.org/packages/32/6a/6aaa91937f0010d288d3d124ca2946d48d60c3a5ee7ca62afe870e3ea011/httptools-0.7.1-cp313-cp313-manylinux1_x86_64.manylinux_2_28_x86_64.manylinux_2_5_x86_64.whl", hash = "sha256:04c6c0e6c5fb0739c5b8a9eb046d298650a0ff38cf42537fc372b28dc7e4472c", size = 478596, upload-time = "2025-10-10T03:54:48.919Z" },
    { url = "https://files.pythonhosted.org/packages/6d/70/023d7ce117993107be88d2cbca566a7c1323ccbaf0af7eabf2064fe356f6/httptools-0.7.1-cp313-cp313-manylinux2014_aarch64.manylinux_2_17_aarch64.manylinux_2_28_aarch64.whl", hash = "sha256:69d4f9705c405ae3ee83d6a12283dc9feba8cc6aaec671b412917e644ab4fa66", size = 473268, upload-time = "2025-10-10T03:54:49.993Z" },
    { url = "https://files.pythonhosted.org/packages/32/4d/9dd616c38da088e3f436e9a616e1d0cc66544b8cdac405cc4e81c8679fc7/httptools-0.7.1-cp313-cp313-musllinux_1_2_aarch64.whl", hash = "sha256:44c8f4347d4b31269c8a9205d8a5ee2df5322b09bbbd30f8f862185bb6b05346", size = 455517, upload-time = "2025-10-10T03:54:51.066Z" },
    { url = "https://files.pythonhosted.org/packages/1d/3a/a6c595c310b7df958e739aae88724e24f9246a514d909547778d776799be/httptools-0.7.1-cp313-cp313-musllinux_1_2_x86_64.whl", hash = "sha256:465275d76db4d554918aba40bf1cbebe324670f3dfc979eaffaa5d108e2ed650", size = 458337, upload-time = "2025-10-10T03:54:52.196Z" },
    { url = "https://files.pythonhosted.org/packages/fd/82/88e8d6d2c51edc1cc391b6e044c6c435b6aebe97b1abc33db1b0b24cd582/httptools-0.7.1-cp313-cp313-win_amd64.whl", hash = "sha256:322d00c2068d125bd570f7bf78b2d367dad02b919d8581d7476d8b75b294e3e6", size = 85743, upload-time = "2025-10-10T03:54:53.448Z" },
    { url = "https://files.pythonhosted.org/packages/34/50/9d095fcbb6de2d523e027a2f304d4551855c2f46e0b82befd718b8b20056/httptools-0.7.1-cp314-cp314-macosx_10_13_universal2.whl", hash = "sha256:c08fe65728b8d70b6923ce31e3956f859d5e1e8548e6f22ec520a962c6757270", size = 203619, upload-time = "2025-10-10T03:54:54.321Z" },
    { url = "https://files.pythonhosted.org/packages/07/f0/89720dc5139ae54b03f861b5e2c55a37dba9a5da7d51e1e824a1f343627f/httptools-0.7.1-cp314-cp314-macosx_11_0_arm64.whl", hash = "sha256:7aea2e3c3953521c3c51106ee11487a910d45586e351202474d45472db7d72d3", size = 108714, upload-time = "2025-10-10T03:54:55.163Z" },
    { url = "https://files.pythonhosted.org/packages/b3/cb/eea88506f191fb552c11787c23f9a405f4c7b0c5799bf73f2249cd4f5228/httptools-0.7.1-cp314-cp314-manylinux1_x86_64.manylinux_2_28_x86_64.manylinux_2_5_x86_64.whl", hash = "sha256:0e68b8582f4ea9166be62926077a3334064d422cf08ab87d8b74664f8e9058e1", size = 472909, upload-time = "2025-10-10T03:54:56.056Z" },
    { url = "https://files.pythonhosted.org/packages/e0/4a/a548bdfae6369c0d078bab5769f7b66f17f1bfaa6fa28f81d6be6959066b/httptools-0.7.1-cp314-cp314-manylinux2014_aarch64.manylinux_2_17_aarch64.manylinux_2_28_aarch64.whl", hash = "sha256:df091cf961a3be783d6aebae963cc9b71e00d57fa6f149025075217bc6a55a7b", size = 470831, upload-time = "2025-10-10T03:54:57.219Z" },
    { url = "https://files.pythonhosted.org/packages/4d/31/14df99e1c43bd132eec921c2e7e11cda7852f65619bc0fc5bdc2d0cb126c/httptools-0.7.1-cp314-cp314-musllinux_1_2_aarch64.whl", hash = "sha256:f084813239e1eb403ddacd06a30de3d3e09a9b76e7894dcda2b22f8a726e9c60", size = 452631, upload-time = "2025-10-10T03:54:58.219Z" },
    { url = "https://files.pythonhosted.org/packages/22/d2/b7e131f7be8d854d48cb6d048113c30f9a46dca0c9a8b08fcb3fcd588cdc/httptools-0.7.1-cp314-cp314-musllinux_1_2_x86_64.whl", hash = "sha256:7347714368fb2b335e9063bc2b96f2f87a9ceffcd9758ac295f8bbcd3ffbc0ca", size = 452910, upload-time = "2025-10-10T03:54:59.366Z" },
    { url = "https://files.pythonhosted.org/packages/53/cf/878f3b91e4e6e011eff6d1fa9ca39f7eb17d19c9d7971b04873734112f30/httptools-0.7.1-cp314-cp314-win_amd64.whl", hash = "sha256:cfabda2a5bb85aa2a904ce06d974a3f30fb36cc63d7feaddec05d2050acede96", size = 88205, upload-time = "2025-10-10T03:55:00.389Z" },
]

[[package]]
name = "markdown-it-py"
version = "4.0.0"
source = { registry = "https://pypi.org/simple" }
dependencies = [
    { name = "mdurl" },
]
sdist = { url = "https://files.pythonhosted.org/packages/5b/f5/4ec618ed16cc4f8fb3b701563655a69816155e79e24a17b651541804721d/markdown_it_py-4.0.0.tar.gz", hash = "sha256:cb0a2b4aa34f932c007117b194e945bd74e0ec24133ceb5bac59009cda1cb9f3", size = 73070, upload-time = "2025-08-11T12:57:52.854Z" }
wheels = [
    { url = "https://files.pythonhosted.org/packages/94/54/e7d793b573f298e1c9013b8c4dade17d481164aa517d1d7148619c2cedbf/markdown_it_py-4.0.0-py3-none-any.whl", hash = "sha256:87327c59b172c5011896038353a81343b6754500a08cd7a4973bb48c6d578147", size = 87321, upload-time = "2025-08-11T12:57:51.923Z" },
]

[[package]]
name = "mdurl"
version = "0.1.2"
source = { registry = "https://pypi.org/simple" }
sdist = { url = "https://files.pythonhosted.org/packages/d6/54/cfe61301667036ec958cb99bd3efefba235e65cdeb9c84d24a8293ba1d90/mdurl-0.1.2.tar.gz", hash = "sha256:bb413d29f5eea38f31dd4754dd7377d4465116fb207585f97bf925588687c1ba", size = 8729, upload-time = "2022-08-14T12:40:10.846Z" }
wheels = [
    { url = "https://files.pythonhosted.org/packages/b3/38/89ba8ad64ae25be8de66a6d463314cf1eb366222074cfda9ee839c56a4b4/mdurl-0.1.2-py3-none-any.whl", hash = "sha256:84008a41e51615a49fc9966191ff91509e3c40b939176e643fd50a5c2196b8f8", size = 9979, upload-time = "2022-08-14T12:40:09.779Z" },
]

[[package]]
name = "ncorn"
version = "1.0.1"
source = { editable = "." }
dependencies = [
    { name = "annotated-doc" },
    { name = "httptools" },
    { name = "rich" },
]

[package.metadata]
requires-dist = [
    { name = "annotated-doc", specifier = ">=0.0.4" },
    { name = "httptools", specifier = ">=0.5.0" },
    { name = "rich", specifier = ">=13.0.0" },
]

[[package]]
name = "pygments"
version = "2.19.2"
source = { registry = "https://pypi.org/simple" }
sdist = { url = "https://files.pythonhosted.org/packages/b0/77/a5b8c569bf593b0140bde72ea885a803b82086995367bf2037de0159d924/pygments-2.19.2.tar.gz", hash = "sha256:636cb2477cec7f8952536970bc533bc43743542f70392ae026374600add5b887", size = 4968631, upload-time = "2025-06-21T13:39:12.283Z" }
wheels = [
    { url = "https://files.pythonhosted.org/packages/c7/21/705964c7812476f378728bdf590ca4b771ec72385c533964653c68e86bdc/pygments-2.19.2-py3-none-any.whl", hash = "sha256:86540386c03d588bb81d44bc3928634ff26449851e99741617ecb9037ee5ec0b", size = 1225217, upload-time = "2025-06-21T13:39:07.939Z" },
]

[[package]]
name = "rich"
version = "14.3.3"
source = { registry = "https://pypi.org/simple" }
dependencies = [
    { name = "markdown-it-py" },
    { name = "pygments" },
]
sdist = { url = "https://files.pythonhosted.org/packages/b3/c6/f3b320c27991c46f43ee9d856302c70dc2d0fb2dba4842ff739d5f46b393/rich-14.3.3.tar.gz", hash = "sha256:b8daa0b9e4eef54dd8cf7c86c03713f53241884e814f4e2f5fb342fe520f639b", size = 230582, upload-time = "2026-02-19T17:23:12.474Z" }
wheels = [
    { url = "https://files.pythonhosted.org/packages/14/25/b208c5683343959b670dc001595f2f3737e051da617f66c31f7c4fa93abc/rich-14.3.3-py3-none-any.whl", hash = "sha256:793431c1f8619afa7d3b52b2cdec859562b950ea0d4b6b505397612db8d5362d", size = 310458, upload-time = "2026-02-19T17:23:13.732Z" },
]
